
Microsoft Visual Studio Solution File, Format Version 12.00
# Visual Studio Version 16
VisualStudioVersion = 16.0.29905.134
MinimumVisualStudioVersion = 10.0.40219.1
Project("{FAE04EC0-301F-11D3-BF4B-00C04F79EFBC}") = "BindDropdown-ASPNet-Core", "BindDropdown-ASPNet-Core\BindDropdown-ASPNet-Core.csproj", "{4CCFEDE1-4F30-4CBE-AB1B-221D4248A094}"
EndProject
Global
	GlobalSection(SolutionConfigurationPlatforms) = preSolution
		Debug|Any CPU = Debug|Any CPU
		Release|Any CPU = Release|Any CPU
	EndGlobalSection
	GlobalSection(ProjectConfigurationPlatforms) = postSolution
		{4CCFEDE1-4F30-4CBE-AB1B-221D4248A094}.Debug|Any CPU.ActiveCfg = Debug|Any CPU
		{4CCFEDE1-4F30-4CBE-AB1B-221D4248A094}.Debug|Any CPU.Build.0 = Debug|Any CPU
		{4CCFEDE1-4F30-4CBE-AB1B-221D4248A094}.Release|Any CPU.ActiveCfg = Release|Any CPU
		{4CCFEDE1-4F30-4CBE-AB1B-221D4248A094}.Release|Any CPU.Build.0 = Release|Any CPU
	EndGlobalSection
	GlobalSection(SolutionProperties) = preSolution
		HideSolutionNode = FALSE
	EndGlobalSection
	GlobalSection(ExtensibilityGlobals) = postSolution
		SolutionGuid = {CE1AF33D-A57E-4AD6-9DB7-8E1AB8E6DBC6}
	EndGlobalSection
EndGlobal
